
Microsoft Visual Studio Solution File, Format Version 12.00
# Visual Studio Version 16
VisualStudioVersion = 16.0.30503.244
MinimumVisualStudioVersion = 10.0.40219.1
Project("{FAE04EC0-301F-11D3-BF4B-00C04F79EFBC}") = "ConsoleApp0923Phone", "ConsoleApp0923Phone\ConsoleApp0923Phone.csproj", "{160CE73F-9E36-438D-BA84-201C66FA571F}"
EndProject
Global
	GlobalSection(SolutionConfigurationPlatforms) = preSolution
		Debug|Any CPU = Debug|Any CPU
		Release|Any CPU = Release|Any CPU
	EndGlobalSection
	GlobalSection(ProjectConfigurationPlatforms) = postSolution
		{160CE73F-9E36-438D-BA84-201C66FA571F}.Debug|Any CPU.ActiveCfg = Debug|Any CPU
		{160CE73F-9E36-438D-BA84-201C66FA571F}.Debug|Any CPU.Build.0 = Debug|Any CPU
		{160CE73F-9E36-438D-BA84-201C66FA571F}.Release|Any CPU.ActiveCfg = Release|Any CPU
		{160CE73F-9E36-438D-BA84-201C66FA571F}.Release|Any CPU.Build.0 = Release|Any CPU
	EndGlobalSection
	GlobalSection(SolutionProperties) = preSolution
		HideSolutionNode = FALSE
	EndGlobalSection
	GlobalSection(ExtensibilityGlobals) = postSolution
		SolutionGuid = {9DBCFF25-2F01-48EC-B125-0AF51EC04C03}
	EndGlobalSection
EndGlobal
